<?xml version="1.0" encoding="UTF-8" standalone="yes" ?>
<CodeBlocks_project_file>
	<FileVersion major="1" minor="6" />
	<Project>
		<Option title="Vector Tanks" />
		<Option pch_mode="2" />
		<Option compiler="gcc" />
		<Build>
			<Target title="Debug">
				<Option output="bin\Debug\Vector Tanks" prefix_auto="1" extension_auto="1" />
				<Option object_output="obj\Debug\" />
				<Option type="1" />
				<Option compiler="gcc" />
				<Compiler>
					<Add option="-std=c++0x" />
					<Add option="-g" />
				</Compiler>
			</Target>
			<Target title="Release">
				<Option output="bin\Release\Vector Tanks" prefix_auto="1" extension_auto="1" />
				<Option object_output="obj\Release\" />
				<Option type="0" />
				<Option compiler="gcc" />
				<Option projectLibDirsRelation="0" />
				<Compiler>
					<Add option="-O2" />
					<Add option="-std=c++0x" />
				</Compiler>
				<Linker>
					<Add option="-s" />
					<Add directory="C:\glew\glew-1.7.0\lib" />
				</Linker>
			</Target>
		</Build>
		<Compiler>
			<Add option="-Wall" />
			<Add directory="C:\SDL-1.2.15\include" />
		</Compiler>
		<Linker>
			<Add library="mingw32" />
			<Add library="SDLmain" />
			<Add library="SDL.dll" />
			<Add library="user32" />
			<Add library="gdi32" />
			<Add library="winmm" />
			<Add library="dxguid" />
			<Add library="opengl32" />
			<Add directory="C:\SDL-1.2.15\lib" />
		</Linker>
		<Unit filename="CollisionBox.cc" />
		<Unit filename="CollisionBox.h" />
		<Unit filename="Color.cc" />
		<Unit filename="Color.h" />
		<Unit filename="Effects.cc" />
		<Unit filename="Effects.h" />
		<Unit filename="Effects\Anchor.cpp" />
		<Unit filename="Effects\Anchor.h" />
		<Unit filename="Effects\Constraint.cpp" />
		<Unit filename="Effects\Constraint.h" />
		<Unit filename="Effects\Mesh.cc" />
		<Unit filename="Effects\Mesh.h" />
		<Unit filename="Effects\Particle.cc" />
		<Unit filename="Effects\Particle.h" />
		<Unit filename="Effects\ParticleEmitter.cc" />
		<Unit filename="Effects\ParticleEmitter.h" />
		<Unit filename="Effects\ParticleEng.cc" />
		<Unit filename="Effects\ParticleEng.h" />
		<Unit filename="Effects\Point.cpp" />
		<Unit filename="Effects\Point.h" />
		<Unit filename="Globals.cc" />
		<Unit filename="Globals.h" />
		<Unit filename="Math.cc" />
		<Unit filename="Math.h" />
		<Unit filename="Media\base.bmp" />
		<Unit filename="Media\header.bmp" />
		<Unit filename="PixEdit.cc" />
		<Unit filename="PixEdit.h" />
		<Unit filename="PixNode.cc" />
		<Unit filename="PixNode.h" />
		<Unit filename="Pixmap.cc" />
		<Unit filename="Pixmap.h" />
		<Unit filename="Player.cc" />
		<Unit filename="Player.h" />
		<Unit filename="StarField.cc" />
		<Unit filename="StarField.h" />
		<Unit filename="System.cc" />
		<Unit filename="System.h" />
		<Unit filename="UIEntity.cc" />
		<Unit filename="UIEntity.h" />
		<Unit filename="Utility.cc" />
		<Unit filename="Utility.h" />
		<Unit filename="Vect.cc" />
		<Unit filename="Vect.h" />
		<Unit filename="Weapon_Data.cc" />
		<Unit filename="Weapon_Data.h" />
		<Unit filename="Weapons.h" />
		<Unit filename="Weapons\BlackSheepWall.cc" />
		<Unit filename="Weapons\BlackSheepWall.h" />
		<Unit filename="Weapons\Burrower.cc" />
		<Unit filename="Weapons\Burrower.h" />
		<Unit filename="Weapons\ClusterBomb.cc" />
		<Unit filename="Weapons\ClusterBomb.h" />
		<Unit filename="Weapons\EMP.cc" />
		<Unit filename="Weapons\EMP.h" />
		<Unit filename="Weapons\Epicenter.cc" />
		<Unit filename="Weapons\Epicenter.h" />
		<Unit filename="Weapons\Fireworks.cc" />
		<Unit filename="Weapons\Fireworks.h" />
		<Unit filename="Weapons\Nebula.cc" />
		<Unit filename="Weapons\Nebula.h" />
		<Unit filename="Weapons\Projectile.cc" />
		<Unit filename="Weapons\Projectile.h" />
		<Unit filename="Weapons\Pyroclasm.cc" />
		<Unit filename="Weapons\Pyroclasm.h" />
		<Unit filename="Weapons\RicochetRifle.cc" />
		<Unit filename="Weapons\RicochetRifle.h" />
		<Unit filename="Weapons\SharpShot.cc" />
		<Unit filename="Weapons\SharpShot.h" />
		<Unit filename="Weapons\Skipper.cc" />
		<Unit filename="Weapons\Skipper.h" />
		<Unit filename="Weapons\Splitter.cc" />
		<Unit filename="Weapons\Splitter.h" />
		<Unit filename="Weapons\Torrent.cc" />
		<Unit filename="Weapons\Torrent.h" />
		<Unit filename="Weapons\Undermine.cc" />
		<Unit filename="Weapons\Undermine.h" />
		<Unit filename="Weapons\WildFire.h" />
		<Unit filename="framerate.cpp" />
		<Unit filename="framerate.h" />
		<Unit filename="glfont.cc" />
		<Unit filename="glfont.h" />
		<Unit filename="main.cpp" />
		<Extensions>
			<code_completion />
			<debugger />
		</Extensions>
	</Project>
</CodeBlocks_project_file>
